
Microsoft Visual Studio Solution File, Format Version 12.00
# Visual Studio Version 17
VisualStudioVersion = 17.9.34714.143
MinimumVisualStudioVersion = 10.0.40219.1
Project("{9A19103F-16F7-4668-BE54-9A1E7A4F7556}") = "CleanArchitecture.Domain", "src\CleanArchitecture.Domain\CleanArchitecture.Domain.csproj", "{2BB001E7-7688-4849-98FF-42948CF2E66D}"
EndProject
Project("{2150E333-8FDC-42A3-9474-1A3956D46DE8}") = "docs", "docs", "{1BF38CDF-BF7D-4FD6-B247-3F9850B3EA31}"
	ProjectSection(SolutionItems) = preProject
		docs\01.Domain.JPG = docs\01.Domain.JPG
		docs\02.Bdd.JPG = docs\02.Bdd.JPG
	EndProjectSection
EndProject
Project("{2150E333-8FDC-42A3-9474-1A3956D46DE8}") = "Solution Items", "Solution Items", "{1E9AA2E5-7F15-4778-B0DB-8A9B1176903C}"
	ProjectSection(SolutionItems) = preProject
		README.md = README.md
	EndProjectSection
EndProject
Project("{9A19103F-16F7-4668-BE54-9A1E7A4F7556}") = "CleanArchitecture.Application", "src\CleanArchitecture.Application\CleanArchitecture.Application.csproj", "{5727EBF7-3ECF-4727-89A8-7B3D3A548890}"
EndProject
Project("{FAE04EC0-301F-11D3-BF4B-00C04F79EFBC}") = "CleanArchitecture.Infrastructure", "src\CleanArchitecture.Infrastructure\CleanArchitecture.Infrastructure.csproj", "{18EE6537-08C5-4F29-A642-35F6FA8AA103}"
EndProject
Global
	GlobalSection(SolutionConfigurationPlatforms) = preSolution
		Debug|Any CPU = Debug|Any CPU
		Release|Any CPU = Release|Any CPU
	EndGlobalSection
	GlobalSection(ProjectConfigurationPlatforms) = postSolution
		{2BB001E7-7688-4849-98FF-42948CF2E66D}.Debug|Any CPU.ActiveCfg = Debug|Any CPU
		{2BB001E7-7688-4849-98FF-42948CF2E66D}.Debug|Any CPU.Build.0 = Debug|Any CPU
		{2BB001E7-7688-4849-98FF-42948CF2E66D}.Release|Any CPU.ActiveCfg = Release|Any CPU
		{2BB001E7-7688-4849-98FF-42948CF2E66D}.Release|Any CPU.Build.0 = Release|Any CPU
		{5727EBF7-3ECF-4727-89A8-7B3D3A548890}.Debug|Any CPU.ActiveCfg = Debug|Any CPU
		{5727EBF7-3ECF-4727-89A8-7B3D3A548890}.Debug|Any CPU.Build.0 = Debug|Any CPU
		{5727EBF7-3ECF-4727-89A8-7B3D3A548890}.Release|Any CPU.ActiveCfg = Release|Any CPU
		{5727EBF7-3ECF-4727-89A8-7B3D3A548890}.Release|Any CPU.Build.0 = Release|Any CPU
		{18EE6537-08C5-4F29-A642-35F6FA8AA103}.Debug|Any CPU.ActiveCfg = Debug|Any CPU
		{18EE6537-08C5-4F29-A642-35F6FA8AA103}.Debug|Any CPU.Build.0 = Debug|Any CPU
		{18EE6537-08C5-4F29-A642-35F6FA8AA103}.Release|Any CPU.ActiveCfg = Release|Any CPU
		{18EE6537-08C5-4F29-A642-35F6FA8AA103}.Release|Any CPU.Build.0 = Release|Any CPU
	EndGlobalSection
	GlobalSection(SolutionProperties) = preSolution
		HideSolutionNode = FALSE
	EndGlobalSection
	GlobalSection(ExtensibilityGlobals) = postSolution
		SolutionGuid = {04638B90-59A9-4F3B-8610-5DA4E8072862}
	EndGlobalSection
EndGlobal
