
Microsoft Visual Studio Solution File, Format Version 12.00
# Visual Studio Version 17
VisualStudioVersion = 17.9.34714.143
MinimumVisualStudioVersion = 10.0.40219.1
Project("{FAE04EC0-301F-11D3-BF4B-00C04F79EFBC}") = "CleanArchitecture.Domain", "src\CleanArchitecture.Domain\CleanArchitecture.Domain.csproj", "{2BB001E7-7688-4849-98FF-42948CF2E66D}"
EndProject
Global
	GlobalSection(SolutionConfigurationPlatforms) = preSolution
		Debug|Any CPU = Debug|Any CPU
		Release|Any CPU = Release|Any CPU
	EndGlobalSection
	GlobalSection(ProjectConfigurationPlatforms) = postSolution
		{2BB001E7-7688-4849-98FF-42948CF2E66D}.Debug|Any CPU.ActiveCfg = Debug|Any CPU
		{2BB001E7-7688-4849-98FF-42948CF2E66D}.Debug|Any CPU.Build.0 = Debug|Any CPU
		{2BB001E7-7688-4849-98FF-42948CF2E66D}.Release|Any CPU.ActiveCfg = Release|Any CPU
		{2BB001E7-7688-4849-98FF-42948CF2E66D}.Release|Any CPU.Build.0 = Release|Any CPU
	EndGlobalSection
	GlobalSection(SolutionProperties) = preSolution
		HideSolutionNode = FALSE
	EndGlobalSection
	GlobalSection(ExtensibilityGlobals) = postSolution
		SolutionGuid = {04638B90-59A9-4F3B-8610-5DA4E8072862}
	EndGlobalSection
EndGlobal
